{
  "object": {
    "pins": [
      {
        "package": "Glitter_IOS",
        "repositoryURL": "https://github.com/sam38124/GlitterForIOS",
        "state": {
          "branch": null,
          "revision": "33dec5b31b1d4cc59ee75958f468b382dc11b98d",
          "version": "2.5.3"
        }
      },
      {
        "package": "JzOsBleHelper",
        "repositoryURL": "https://github.com/sam38124/JzOsBleHelper",
        "state": {
          "branch": null,
          "revision": "3eae07e796e9155a66e94f9d7bed80c96b96fa34",
          "version": "1.1.1"
        }
      },
      {
        "package": "JzOsHttpExtension",
        "repositoryURL": "https://github.com/sam38124/JzOsHttpExtension",
        "state": {
          "branch": null,
          "revision": "b40142dcb54831f1d15e456a99c49449e803a53e",
          "version": "1.0.2"
        }
      },
      {
        "package": "JzOsSqlHelper",
        "repositoryURL": "https://github.com/sam38124/JzOsSqlHelper",
        "state": {
          "branch": null,
          "revision": "4979910f22ad66ac8e7499df86822bcffdc22238",
          "version": "2.0.2"
        }
      }
    ]
  },
  "version": 1
}
