{
  "object": {
    "pins": [
      {
        "package": "Glitter_IOS",
        "repositoryURL": "https://github.com/sam38124/Glitter_IOS",
        "state": {
          "branch": null,
          "revision": "721b15c824009d0e40a8d0720e69a82d51d7e177",
          "version": "2.3.5"
        }
      },
      {
        "package": "JzOsBleHelper",
        "repositoryURL": "https://github.com/sam38124/JzOsBleHelper",
        "state": {
          "branch": null,
          "revision": "cbb9843bb98d03a23eb08cdb4f436eac06853ec3",
          "version": "1.0.9"
        }
      },
      {
        "package": "JzOsHttpExtension",
        "repositoryURL": "https://github.com/sam38124/JzOsHttpExtension",
        "state": {
          "branch": null,
          "revision": "b40142dcb54831f1d15e456a99c49449e803a53e",
          "version": "1.0.2"
        }
      },
      {
        "package": "JzOsSqlHelper",
        "repositoryURL": "https://github.com/sam38124/JzOsSqlHelper",
        "state": {
          "branch": null,
          "revision": "4979910f22ad66ac8e7499df86822bcffdc22238",
          "version": "2.0.2"
        }
      }
    ]
  },
  "version": 1
}
